
Microsoft Visual Studio Solution File, Format Version 12.00
# Visual Studio Version 16
VisualStudioVersion = 16.0.31424.327
MinimumVisualStudioVersion = 10.0.40219.1
Project("{8BC9CEB8-8B4A-11D0-8D11-00A0C91BC942}") = "class_roster", "class_roster\class_roster.vcxproj", "{D70A44E4-71A2-4163-8243-F246F94CF6C4}"
EndProject
Global
	GlobalSection(SolutionConfigurationPlatforms) = preSolution
		Debug|x64 = Debug|x64
		Debug|x86 = Debug|x86
		Release|x64 = Release|x64
		Release|x86 = Release|x86
	EndGlobalSection
	GlobalSection(ProjectConfigurationPlatforms) = postSolution
		{D70A44E4-71A2-4163-8243-F246F94CF6C4}.Debug|x64.ActiveCfg = Debug|x64
		{D70A44E4-71A2-4163-8243-F246F94CF6C4}.Debug|x64.Build.0 = Debug|x64
		{D70A44E4-71A2-4163-8243-F246F94CF6C4}.Debug|x86.ActiveCfg = Debug|Win32
		{D70A44E4-71A2-4163-8243-F246F94CF6C4}.Debug|x86.Build.0 = Debug|Win32
		{D70A44E4-71A2-4163-8243-F246F94CF6C4}.Release|x64.ActiveCfg = Release|x64
		{D70A44E4-71A2-4163-8243-F246F94CF6C4}.Release|x64.Build.0 = Release|x64
		{D70A44E4-71A2-4163-8243-F246F94CF6C4}.Release|x86.ActiveCfg = Release|Win32
		{D70A44E4-71A2-4163-8243-F246F94CF6C4}.Release|x86.Build.0 = Release|Win32
	EndGlobalSection
	GlobalSection(SolutionProperties) = preSolution
		HideSolutionNode = FALSE
	EndGlobalSection
	GlobalSection(ExtensibilityGlobals) = postSolution
		SolutionGuid = {86CEDB4B-682A-46C7-A26E-9AE60F9C632F}
	EndGlobalSection
EndGlobal
